// !$*UTF8*$!
{
	archiveVersion = 1;
	classes = {
	};
	objectVersion = 77;
	objects = {

/* Begin PBXBuildFile section */
		961390F72EE91B5E0058C39A /* MLXEmbedders in Frameworks */ = {isa = PBXBuildFile; productRef = 961390F62EE91B5E0058C39A /* MLXEmbedders */; };
		961390F92EE91B5E0058C39A /* MLXLLM in Frameworks */ = {isa = PBXBuildFile; productRef = 961390F82EE91B5E0058C39A /* MLXLLM */; };
		961390FB2EE91B5E0058C39A /* MLXLMCommon in Frameworks */ = {isa = PBXBuildFile; productRef = 961390FA2EE91B5E0058C39A /* MLXLMCommon */; };
		961390FD2EE91B5E0058C39A /* MLXMNIST in Frameworks */ = {isa = PBXBuildFile; productRef = 961390FC2EE91B5E0058C39A /* MLXMNIST */; };
		961390FF2EE91B5E0058C39A /* MLXVLM in Frameworks */ = {isa = PBXBuildFile; productRef = 961390FE2EE91B5E0058C39A /* MLXVLM */; };
		961391012EE91BC50058C39A /* MLX in Frameworks */ = {isa = PBXBuildFile; productRef = 961391002EE91BC50058C39A /* MLX */; };
		961391032EE91BC50058C39A /* MLXFFT in Frameworks */ = {isa = PBXBuildFile; productRef = 961391022EE91BC50058C39A /* MLXFFT */; };
		961391052EE91BC50058C39A /* MLXFast in Frameworks */ = {isa = PBXBuildFile; productRef = 961391042EE91BC50058C39A /* MLXFast */; };
		961391072EE91BC50058C39A /* MLXLinalg in Frameworks */ = {isa = PBXBuildFile; productRef = 961391062EE91BC50058C39A /* MLXLinalg */; };
		961391092EE91BC50058C39A /* MLXNN in Frameworks */ = {isa = PBXBuildFile; productRef = 961391082EE91BC50058C39A /* MLXNN */; };
/* End PBXBuildFile section */

/* Begin PBXFileReference section */
		961390E62EE916D70058C39A /* Oracle.app */ = {isa = PBXFileReference; explicitFileType = wrapper.application; includeInIndex = 0; path = Oracle.app; sourceTree = BUILT_PRODUCTS_DIR; };
/* End PBXFileReference section */

/* Begin PBXFileSystemSynchronizedRootGroup section */
		961390E82EE916D70058C39A /* Oracle */ = {
			isa = PBXFileSystemSynchronizedRootGroup;
			path = Oracle;
			sourceTree = "<group>";
		};
/* End PBXFileSystemSynchronizedRootGroup section */

/* Begin PBXFrameworksBuildPhase section */
		961390E32EE916D70058C39A /* Frameworks */ = {
			isa = PBXFrameworksBuildPhase;
			buildActionMask = 2147483647;
			files = (
				961391012EE91BC50058C39A /* MLX in Frameworks */,
				961390FF2EE91B5E0058C39A /* MLXVLM in Frameworks */,
				961390FD2EE91B5E0058C39A /* MLXMNIST in Frameworks */,
				961390F92EE91B5E0058C39A /* MLXLLM in Frameworks */,
				961391032EE91BC50058C39A /* MLXFFT in Frameworks */,
				961390FB2EE91B5E0058C39A /* MLXLMCommon in Frameworks */,
				961391052EE91BC50058C39A /* MLXFast in Frameworks */,
				961391072EE91BC50058C39A /* MLXLinalg in Frameworks */,
				961391092EE91BC50058C39A /* MLXNN in Frameworks */,
				961390F72EE91B5E0058C39A /* MLXEmbedders in Frameworks */,
			);
			runOnlyForDeploymentPostprocessing = 0;
		};
/* End PBXFrameworksBuildPhase section */

/* Begin PBXGroup section */
		961390DD2EE916D70058C39A = {
			isa = PBXGroup;
			children = (
				961390E82EE916D70058C39A /* Oracle */,
				961390E72EE916D70058C39A /* Products */,
			);
			sourceTree = "<group>";
		};
		961390E72EE916D70058C39A /* Products */ = {
			isa = PBXGroup;
			children = (
				961390E62EE916D70058C39A /* Oracle.app */,
			);
			name = Products;
			sourceTree = "<group>";
		};
/* End PBXGroup section */

/* Begin PBXNativeTarget section */
		961390E52EE916D70058C39A /* Oracle */ = {
			isa = PBXNativeTarget;
			buildConfigurationList = 961390F12EE916D70058C39A /* Build configuration list for PBXNativeTarget "Oracle" */;
			buildPhases = (
				961390E22EE916D70058C39A /* Sources */,
				961390E32EE916D70058C39A /* Frameworks */,
				961390E42EE916D70058C39A /* Resources */,
			);
			buildRules = (
			);
			dependencies = (
			);
			fileSystemSynchronizedGroups = (
				961390E82EE916D70058C39A /* Oracle */,
			);
			name = Oracle;
			packageProductDependencies = (
				961390F62EE91B5E0058C39A /* MLXEmbedders */,
				961390F82EE91B5E0058C39A /* MLXLLM */,
				961390FA2EE91B5E0058C39A /* MLXLMCommon */,
				961390FC2EE91B5E0058C39A /* MLXMNIST */,
				961390FE2EE91B5E0058C39A /* MLXVLM */,
				961391002EE91BC50058C39A /* MLX */,
				961391022EE91BC50058C39A /* MLXFFT */,
				961391042EE91BC50058C39A /* MLXFast */,
				961391062EE91BC50058C39A /* MLXLinalg */,
				961391082EE91BC50058C39A /* MLXNN */,
			);
			productName = Oracle;
			productReference = 961390E62EE916D70058C39A /* Oracle.app */;
			productType = "com.apple.product-type.application";
		};
/* End PBXNativeTarget section */

/* Begin PBXProject section */
		961390DE2EE916D70058C39A /* Project object */ = {
			isa = PBXProject;
			attributes = {
				BuildIndependentTargetsInParallel = 1;
				LastSwiftUpdateCheck = 2610;
				LastUpgradeCheck = 2610;
				TargetAttributes = {
					961390E52EE916D70058C39A = {
						CreatedOnToolsVersion = 26.1.1;
					};
				};
			};
			buildConfigurationList = 961390E12EE916D70058C39A /* Build configuration list for PBXProject "Oracle" */;
			developmentRegion = en;
			hasScannedForEncodings = 0;
			knownRegions = (
				en,
				Base,
			);
			mainGroup = 961390DD2EE916D70058C39A;
			minimizedProjectReferenceProxies = 1;
			packageReferences = (
				961390F42EE91B110058C39A /* XCRemoteSwiftPackageReference "mlx-swift" */,
				961390F52EE91B5E0058C39A /* XCRemoteSwiftPackageReference "mlx-swift-examples" */,
			);
			preferredProjectObjectVersion = 77;
			productRefGroup = 961390E72EE916D70058C39A /* Products */;
			projectDirPath = "";
			projectRoot = "";
			targets = (
				961390E52EE916D70058C39A /* Oracle */,
			);
		};
/* End PBXProject section */

/* Begin PBXResourcesBuildPhase section */
		961390E42EE916D70058C39A /* Resources */ = {
			isa = PBXResourcesBuildPhase;
			buildActionMask = 2147483647;
			files = (
			);
			runOnlyForDeploymentPostprocessing = 0;
		};
/* End PBXResourcesBuildPhase section */

/* Begin PBXSourcesBuildPhase section */
		961390E22EE916D70058C39A /* Sources */ = {
			isa = PBXSourcesBuildPhase;
			buildActionMask = 2147483647;
			files = (
			);
			runOnlyForDeploymentPostprocessing = 0;
		};
/* End PBXSourcesBuildPhase section */

/* Begin XCBuildConfiguration section */
		961390EF2EE916D70058C39A /* Debug */ = {
			isa = XCBuildConfiguration;
			buildSettings = {
				ALWAYS_SEARCH_USER_PATHS = NO;
				ASSETCATALOG_COMPILER_GENERATE_SWIFT_ASSET_SYMBOL_EXTENSIONS = YES;
				CLANG_ANALYZER_NONNULL = YES;
				CLANG_ANALYZER_NUMBER_OBJECT_CONVERSION = YES_AGGRESSIVE;
				CLANG_CXX_LANGUAGE_STANDARD = "gnu++20";
				CLANG_ENABLE_MODULES = YES;
				CLANG_ENABLE_OBJC_ARC = YES;
				CLANG_ENABLE_OBJC_WEAK = YES;
				CLANG_WARN_BLOCK_CAPTURE_AUTORELEASING = YES;
				CLANG_WARN_BOOL_CONVERSION = YES;
				CLANG_WARN_COMMA = YES;
				CLANG_WARN_CONSTANT_CONVERSION = YES;
				CLANG_WARN_DEPRECATED_OBJC_IMPLEMENTATIONS = YES;
				CLANG_WARN_DIRECT_OBJC_ISA_USAGE = YES_ERROR;
				CLANG_WARN_DOCUMENTATION_COMMENTS = YES;
				CLANG_WARN_EMPTY_BODY = YES;
				CLANG_WARN_ENUM_CONVERSION = YES;
				CLANG_WARN_INFINITE_RECURSION = YES;
				CLANG_WARN_INT_CONVERSION = YES;
				CLANG_WARN_NON_LITERAL_NULL_CONVERSION = YES;
				CLANG_WARN_OBJC_IMPLICIT_RETAIN_SELF = YES;
				CLANG_WARN_OBJC_LITERAL_CONVERSION = YES;
				CLANG_WARN_OBJC_ROOT_CLASS = YES_ERROR;
				CLANG_WARN_QUOTED_INCLUDE_IN_FRAMEWORK_HEADER = YES;
				CLANG_WARN_RANGE_LOOP_ANALYSIS = YES;
				CLANG_WARN_STRICT_PROTOTYPES = YES;
				CLANG_WARN_SUSPICIOUS_MOVE = YES;
				CLANG_WARN_UNGUARDED_AVAILABILITY = YES_AGGRESSIVE;
				CLANG_WARN_UNREACHABLE_CODE = YES;
				CLANG_WARN__DUPLICATE_METHOD_MATCH = YES;
				COPY_PHASE_STRIP = NO;
				DEBUG_INFORMATION_FORMAT = dwarf;
				DEVELOPMENT_TEAM = D9LRWNKC29;
				ENABLE_STRICT_OBJC_MSGSEND = YES;
				ENABLE_TESTABILITY = YES;
				ENABLE_USER_SCRIPT_SANDBOXING = YES;
				GCC_C_LANGUAGE_STANDARD = gnu17;
				GCC_DYNAMIC_NO_PIC = NO;
				GCC_NO_COMMON_BLOCKS = YES;
				GCC_OPTIMIZATION_LEVEL = 0;
				GCC_PREPROCESSOR_DEFINITIONS = (
					"DEBUG=1",
					"$(inherited)",
				);
				GCC_WARN_64_TO_32_BIT_CONVERSION = YES;
				GCC_WARN_ABOUT_RETURN_TYPE = YES_ERROR;
				GCC_WARN_UNDECLARED_SELECTOR = YES;
				GCC_WARN_UNINITIALIZED_AUTOS = YES_AGGRESSIVE;
				GCC_WARN_UNUSED_FUNCTION = YES;
				GCC_WARN_UNUSED_VARIABLE = YES;
				IPHONEOS_DEPLOYMENT_TARGET = 26.1;
				LOCALIZATION_PREFERS_STRING_CATALOGS = YES;
				MTL_ENABLE_DEBUG_INFO = INCLUDE_SOURCE;
				MTL_FAST_MATH = YES;
				ONLY_ACTIVE_ARCH = YES;
				SDKROOT = iphoneos;
				SWIFT_ACTIVE_COMPILATION_CONDITIONS = "DEBUG $(inherited)";
				SWIFT_OPTIMIZATION_LEVEL = "-Onone";
			};
			name = Debug;
		};
		961390F02EE916D70058C39A /* Release */ = {
			isa = XCBuildConfiguration;
			buildSettings = {
				ALWAYS_SEARCH_USER_PATHS = NO;
				ASSETCATALOG_COMPILER_GENERATE_SWIFT_ASSET_SYMBOL_EXTENSIONS = YES;
				CLANG_ANALYZER_NONNULL = YES;
				CLANG_ANALYZER_NUMBER_OBJECT_CONVERSION = YES_AGGRESSIVE;
				CLANG_CXX_LANGUAGE_STANDARD = "gnu++20";
				CLANG_ENABLE_MODULES = YES;
				CLANG_ENABLE_OBJC_ARC = YES;
				CLANG_ENABLE_OBJC_WEAK = YES;
				CLANG_WARN_BLOCK_CAPTURE_AUTORELEASING = YES;
				CLANG_WARN_BOOL_CONVERSION = YES;
				CLANG_WARN_COMMA = YES;
				CLANG_WARN_CONSTANT_CONVERSION = YES;
				CLANG_WARN_DEPRECATED_OBJC_IMPLEMENTATIONS = YES;
				CLANG_WARN_DIRECT_OBJC_ISA_USAGE = YES_ERROR;
				CLANG_WARN_DOCUMENTATION_COMMENTS = YES;
				CLANG_WARN_EMPTY_BODY = YES;
				CLANG_WARN_ENUM_CONVERSION = YES;
				CLANG_WARN_INFINITE_RECURSION = YES;
				CLANG_WARN_INT_CONVERSION = YES;
				CLANG_WARN_NON_LITERAL_NULL_CONVERSION = YES;
				CLANG_WARN_OBJC_IMPLICIT_RETAIN_SELF = YES;
				CLANG_WARN_OBJC_LITERAL_CONVERSION = YES;
				CLANG_WARN_OBJC_ROOT_CLASS = YES_ERROR;
				CLANG_WARN_QUOTED_INCLUDE_IN_FRAMEWORK_HEADER = YES;
				CLANG_WARN_RANGE_LOOP_ANALYSIS = YES;
				CLANG_WARN_STRICT_PROTOTYPES = YES;
				CLANG_WARN_SUSPICIOUS_MOVE = YES;
				CLANG_WARN_UNGUARDED_AVAILABILITY = YES_AGGRESSIVE;
				CLANG_WARN_UNREACHABLE_CODE = YES;
				CLANG_WARN__DUPLICATE_METHOD_MATCH = YES;
				COPY_PHASE_STRIP = NO;
				DEBUG_INFORMATION_FORMAT = "dwarf-with-dsym";
				DEVELOPMENT_TEAM = D9LRWNKC29;
				ENABLE_NS_ASSERTIONS = NO;
				ENABLE_STRICT_OBJC_MSGSEND = YES;
				ENABLE_USER_SCRIPT_SANDBOXING = YES;
				GCC_C_LANGUAGE_STANDARD = gnu17;
				GCC_NO_COMMON_BLOCKS = YES;
				GCC_WARN_64_TO_32_BIT_CONVERSION = YES;
				GCC_WARN_ABOUT_RETURN_TYPE = YES_ERROR;
				GCC_WARN_UNDECLARED_SELECTOR = YES;
				GCC_WARN_UNINITIALIZED_AUTOS = YES_AGGRESSIVE;
				GCC_WARN_UNUSED_FUNCTION = YES;
				GCC_WARN_UNUSED_VARIABLE = YES;
				IPHONEOS_DEPLOYMENT_TARGET = 26.1;
				LOCALIZATION_PREFERS_STRING_CATALOGS = YES;
				MTL_ENABLE_DEBUG_INFO = NO;
				MTL_FAST_MATH = YES;
				SDKROOT = iphoneos;
				SWIFT_COMPILATION_MODE = wholemodule;
				VALIDATE_PRODUCT = YES;
			};
			name = Release;
		};
		961390F22EE916D70058C39A /* Debug */ = {
			isa = XCBuildConfiguration;
			buildSettings = {
				ASSETCATALOG_COMPILER_APPICON_NAME = AppIcon;
				ASSETCATALOG_COMPILER_GLOBAL_ACCENT_COLOR_NAME = AccentColor;
				CODE_SIGN_STYLE = Automatic;
				CURRENT_PROJECT_VERSION = 1;
				DEVELOPMENT_TEAM = D9LRWNKC29;
				ENABLE_PREVIEWS = YES;
				GENERATE_INFOPLIST_FILE = YES;
				INFOPLIST_KEY_UIApplicationSceneManifest_Generation = YES;
				INFOPLIST_KEY_UIApplicationSupportsIndirectInputEvents = YES;
				INFOPLIST_KEY_UILaunchScreen_Generation = YES;
				INFOPLIST_KEY_UISupportedInterfaceOrientations_iPad = "UIInterfaceOrientationPortrait UIInterfaceOrientationPortraitUpsideDown UIInterfaceOrientationLandscapeLeft UIInterfaceOrientationLandscapeRight";
				INFOPLIST_KEY_UISupportedInterfaceOrientations_iPhone = "UIInterfaceOrientationPortrait UIInterfaceOrientationLandscapeLeft UIInterfaceOrientationLandscapeRight";
				LD_RUNPATH_SEARCH_PATHS = (
					"$(inherited)",
					"@executable_path/Frameworks",
				);
				MARKETING_VERSION = 1.0;
				PRODUCT_BUNDLE_IDENTIFIER = net.korde.Oracle;
				PRODUCT_NAME = "$(TARGET_NAME)";
				STRING_CATALOG_GENERATE_SYMBOLS = YES;
				SWIFT_APPROACHABLE_CONCURRENCY = YES;
				SWIFT_DEFAULT_ACTOR_ISOLATION = MainActor;
				SWIFT_EMIT_LOC_STRINGS = YES;
				SWIFT_UPCOMING_FEATURE_MEMBER_IMPORT_VISIBILITY = YES;
				SWIFT_VERSION = 5.0;
				TARGETED_DEVICE_FAMILY = "1,2";
			};
			name = Debug;
		};
		961390F32EE916D70058C39A /* Release */ = {
			isa = XCBuildConfiguration;
			buildSettings = {
				ASSETCATALOG_COMPILER_APPICON_NAME = AppIcon;
				ASSETCATALOG_COMPILER_GLOBAL_ACCENT_COLOR_NAME = AccentColor;
				CODE_SIGN_STYLE = Automatic;
				CURRENT_PROJECT_VERSION = 1;
				DEVELOPMENT_TEAM = D9LRWNKC29;
				ENABLE_PREVIEWS = YES;
				GENERATE_INFOPLIST_FILE = YES;
				INFOPLIST_KEY_UIApplicationSceneManifest_Generation = YES;
				INFOPLIST_KEY_UIApplicationSupportsIndirectInputEvents = YES;
				INFOPLIST_KEY_UILaunchScreen_Generation = YES;
				INFOPLIST_KEY_UISupportedInterfaceOrientations_iPad = "UIInterfaceOrientationPortrait UIInterfaceOrientationPortraitUpsideDown UIInterfaceOrientationLandscapeLeft UIInterfaceOrientationLandscapeRight";
				INFOPLIST_KEY_UISupportedInterfaceOrientations_iPhone = "UIInterfaceOrientationPortrait UIInterfaceOrientationLandscapeLeft UIInterfaceOrientationLandscapeRight";
				LD_RUNPATH_SEARCH_PATHS = (
					"$(inherited)",
					"@executable_path/Frameworks",
				);
				MARKETING_VERSION = 1.0;
				PRODUCT_BUNDLE_IDENTIFIER = net.korde.Oracle;
				PRODUCT_NAME = "$(TARGET_NAME)";
				STRING_CATALOG_GENERATE_SYMBOLS = YES;
				SWIFT_APPROACHABLE_CONCURRENCY = YES;
				SWIFT_DEFAULT_ACTOR_ISOLATION = MainActor;
				SWIFT_EMIT_LOC_STRINGS = YES;
				SWIFT_UPCOMING_FEATURE_MEMBER_IMPORT_VISIBILITY = YES;
				SWIFT_VERSION = 5.0;
				TARGETED_DEVICE_FAMILY = "1,2";
			};
			name = Release;
		};
/* End XCBuildConfiguration section */

/* Begin XCConfigurationList section */
		961390E12EE916D70058C39A /* Build configuration list for PBXProject "Oracle" */ = {
			isa = XCConfigurationList;
			buildConfigurations = (
				961390EF2EE916D70058C39A /* Debug */,
				961390F02EE916D70058C39A /* Release */,
			);
			defaultConfigurationIsVisible = 0;
			defaultConfigurationName = Release;
		};
		961390F12EE916D70058C39A /* Build configuration list for PBXNativeTarget "Oracle" */ = {
			isa = XCConfigurationList;
			buildConfigurations = (
				961390F22EE916D70058C39A /* Debug */,
				961390F32EE916D70058C39A /* Release */,
			);
			defaultConfigurationIsVisible = 0;
			defaultConfigurationName = Release;
		};
/* End XCConfigurationList section */

/* Begin XCRemoteSwiftPackageReference section */
		961390F42EE91B110058C39A /* XCRemoteSwiftPackageReference "mlx-swift" */ = {
			isa = XCRemoteSwiftPackageReference;
			repositoryURL = "https://github.com/ml-explore/mlx-swift";
			requirement = {
				kind = upToNextMajorVersion;
				minimumVersion = 0.29.1;
			};
		};
		961390F52EE91B5E0058C39A /* XCRemoteSwiftPackageReference "mlx-swift-examples" */ = {
			isa = XCRemoteSwiftPackageReference;
			repositoryURL = "https://github.com/ml-explore/mlx-swift-examples";
			requirement = {
				kind = upToNextMajorVersion;
				minimumVersion = 2.29.1;
			};
		};
/* End XCRemoteSwiftPackageReference section */

/* Begin XCSwiftPackageProductDependency section */
		961390F62EE91B5E0058C39A /* MLXEmbedders */ = {
			isa = XCSwiftPackageProductDependency;
			package = 961390F52EE91B5E0058C39A /* XCRemoteSwiftPackageReference "mlx-swift-examples" */;
			productName = MLXEmbedders;
		};
		961390F82EE91B5E0058C39A /* MLXLLM */ = {
			isa = XCSwiftPackageProductDependency;
			package = 961390F52EE91B5E0058C39A /* XCRemoteSwiftPackageReference "mlx-swift-examples" */;
			productName = MLXLLM;
		};
		961390FA2EE91B5E0058C39A /* MLXLMCommon */ = {
			isa = XCSwiftPackageProductDependency;
			package = 961390F52EE91B5E0058C39A /* XCRemoteSwiftPackageReference "mlx-swift-examples" */;
			productName = MLXLMCommon;
		};
		961390FC2EE91B5E0058C39A /* MLXMNIST */ = {
			isa = XCSwiftPackageProductDependency;
			package = 961390F52EE91B5E0058C39A /* XCRemoteSwiftPackageReference "mlx-swift-examples" */;
			productName = MLXMNIST;
		};
		961390FE2EE91B5E0058C39A /* MLXVLM */ = {
			isa = XCSwiftPackageProductDependency;
			package = 961390F52EE91B5E0058C39A /* XCRemoteSwiftPackageReference "mlx-swift-examples" */;
			productName = MLXVLM;
		};
		961391002EE91BC50058C39A /* MLX */ = {
			isa = XCSwiftPackageProductDependency;
			package = 961390F42EE91B110058C39A /* XCRemoteSwiftPackageReference "mlx-swift" */;
			productName = MLX;
		};
		961391022EE91BC50058C39A /* MLXFFT */ = {
			isa = XCSwiftPackageProductDependency;
			package = 961390F42EE91B110058C39A /* XCRemoteSwiftPackageReference "mlx-swift" */;
			productName = MLXFFT;
		};
		961391042EE91BC50058C39A /* MLXFast */ = {
			isa = XCSwiftPackageProductDependency;
			package = 961390F42EE91B110058C39A /* XCRemoteSwiftPackageReference "mlx-swift" */;
			productName = MLXFast;
		};
		961391062EE91BC50058C39A /* MLXLinalg */ = {
			isa = XCSwiftPackageProductDependency;
			package = 961390F42EE91B110058C39A /* XCRemoteSwiftPackageReference "mlx-swift" */;
			productName = MLXLinalg;
		};
		961391082EE91BC50058C39A /* MLXNN */ = {
			isa = XCSwiftPackageProductDependency;
			package = 961390F42EE91B110058C39A /* XCRemoteSwiftPackageReference "mlx-swift" */;
			productName = MLXNN;
		};
/* End XCSwiftPackageProductDependency section */
	};
	rootObject = 961390DE2EE916D70058C39A /* Project object */;
}
